
Microsoft Visual Studio Solution File, Format Version 12.00
# Visual Studio Version 16
VisualStudioVersion = 16.0.31624.102
MinimumVisualStudioVersion = 10.0.40219.1
Project("{9A19103F-16F7-4668-BE54-9A1E7A4F7556}") = "Z3", "Z3.csproj", "{8664AA4E-9FEB-4F5F-9B4A-E504F54D7156}"
EndProject
Project("{FAE04EC0-301F-11D3-BF4B-00C04F79EFBC}") = "Z3Tests", "..\Z3Tests\Z3Tests.csproj", "{598BF67C-8418-47D9-8DD4-FEFFE50897D2}"
EndProject
Global
	GlobalSection(SolutionConfigurationPlatforms) = preSolution
		Debug|Any CPU = Debug|Any CPU
		Release|Any CPU = Release|Any CPU
	EndGlobalSection
	GlobalSection(ProjectConfigurationPlatforms) = postSolution
		{8664AA4E-9FEB-4F5F-9B4A-E504F54D7156}.Debug|Any CPU.ActiveCfg = Debug|Any CPU
		{8664AA4E-9FEB-4F5F-9B4A-E504F54D7156}.Debug|Any CPU.Build.0 = Debug|Any CPU
		{8664AA4E-9FEB-4F5F-9B4A-E504F54D7156}.Release|Any CPU.ActiveCfg = Release|Any CPU
		{8664AA4E-9FEB-4F5F-9B4A-E504F54D7156}.Release|Any CPU.Build.0 = Release|Any CPU
		{598BF67C-8418-47D9-8DD4-FEFFE50897D2}.Debug|Any CPU.ActiveCfg = Debug|Any CPU
		{598BF67C-8418-47D9-8DD4-FEFFE50897D2}.Debug|Any CPU.Build.0 = Debug|Any CPU
		{598BF67C-8418-47D9-8DD4-FEFFE50897D2}.Release|Any CPU.ActiveCfg = Release|Any CPU
		{598BF67C-8418-47D9-8DD4-FEFFE50897D2}.Release|Any CPU.Build.0 = Release|Any CPU
	EndGlobalSection
	GlobalSection(SolutionProperties) = preSolution
		HideSolutionNode = FALSE
	EndGlobalSection
	GlobalSection(ExtensibilityGlobals) = postSolution
		SolutionGuid = {2A8807BA-346D-47E0-80DB-88F79AEDBDD0}
	EndGlobalSection
EndGlobal
